
Microsoft Visual Studio Solution File, Format Version 12.00
# Visual Studio 15
Project("{FAE04EC0-301F-11D3-BF4B-00C04F79EFBC}") = "Assembly-CSharp", "Assembly-CSharp.csproj", "{97185F00-D749-83DA-D7F3-D84DB7C40A76}"
EndProject
Project("{FAE04EC0-301F-11D3-BF4B-00C04F79EFBC}") = "Assembly-CSharp-Editor", "Assembly-CSharp-Editor.csproj", "{3EDD91D6-9B24-CFBC-7466-12D2146ADC14}"
EndProject
Global
	GlobalSection(SolutionConfigurationPlatforms) = preSolution
		Debug|Any CPU = Debug|Any CPU
		Release|Any CPU = Release|Any CPU
	EndGlobalSection
	GlobalSection(ProjectConfigurationPlatforms) = postSolution
		{97185F00-D749-83DA-D7F3-D84DB7C40A76}.Debug|Any CPU.ActiveCfg = Debug|Any CPU
		{97185F00-D749-83DA-D7F3-D84DB7C40A76}.Debug|Any CPU.Build.0 = Debug|Any CPU
		{97185F00-D749-83DA-D7F3-D84DB7C40A76}.Release|Any CPU.ActiveCfg = Release|Any CPU
		{97185F00-D749-83DA-D7F3-D84DB7C40A76}.Release|Any CPU.Build.0 = Release|Any CPU
		{3EDD91D6-9B24-CFBC-7466-12D2146ADC14}.Debug|Any CPU.ActiveCfg = Debug|Any CPU
		{3EDD91D6-9B24-CFBC-7466-12D2146ADC14}.Debug|Any CPU.Build.0 = Debug|Any CPU
		{3EDD91D6-9B24-CFBC-7466-12D2146ADC14}.Release|Any CPU.ActiveCfg = Release|Any CPU
		{3EDD91D6-9B24-CFBC-7466-12D2146ADC14}.Release|Any CPU.Build.0 = Release|Any CPU
	EndGlobalSection
	GlobalSection(SolutionProperties) = preSolution
		HideSolutionNode = FALSE
	EndGlobalSection
EndGlobal
